
Microsoft Visual Studio Solution File, Format Version 12.00
# Visual Studio Version 17
VisualStudioVersion = 17.5.002.0
MinimumVisualStudioVersion = 10.0.40219.1
Project("{9A19103F-16F7-4668-BE54-9A1E7A4F7556}") = "HeroMonsterChallange", "HeroMonsterChallange.csproj", "{EF69AA95-6DEC-4E44-A594-044ECA71F0AF}"
EndProject
Global
	GlobalSection(SolutionConfigurationPlatforms) = preSolution
		Debug|Any CPU = Debug|Any CPU
		Release|Any CPU = Release|Any CPU
	EndGlobalSection
	GlobalSection(ProjectConfigurationPlatforms) = postSolution
		{EF69AA95-6DEC-4E44-A594-044ECA71F0AF}.Debug|Any CPU.ActiveCfg = Debug|Any CPU
		{EF69AA95-6DEC-4E44-A594-044ECA71F0AF}.Debug|Any CPU.Build.0 = Debug|Any CPU
		{EF69AA95-6DEC-4E44-A594-044ECA71F0AF}.Release|Any CPU.ActiveCfg = Release|Any CPU
		{EF69AA95-6DEC-4E44-A594-044ECA71F0AF}.Release|Any CPU.Build.0 = Release|Any CPU
	EndGlobalSection
	GlobalSection(SolutionProperties) = preSolution
		HideSolutionNode = FALSE
	EndGlobalSection
	GlobalSection(ExtensibilityGlobals) = postSolution
		SolutionGuid = {9CF62470-12BD-463F-AB0F-9B51A7EBDFA7}
	EndGlobalSection
EndGlobal
